// !$*UTF8*$!
{
	archiveVersion = 1;
	classes = {
	};
	objectVersion = 56;
	objects = {

/* Begin PBXBuildFile section */
		21243B5C2A6B31870062DDB6 /* MainView.swift in Sources */ = {isa = PBXBuildFile; fileRef = 21243B5B2A6B31870062DDB6 /* MainView.swift */; };
		2128192E2A4B5BB100B9DBF5 /* MainViewController.swift in Sources */ = {isa = PBXBuildFile; fileRef = 2128192D2A4B5BB100B9DBF5 /* MainViewController.swift */; };
		212819322A4B71C300B9DBF5 /* TaskTableViewCell.swift in Sources */ = {isa = PBXBuildFile; fileRef = 212819312A4B71C300B9DBF5 /* TaskTableViewCell.swift */; };
		213EA8452A52208A00B1AEF7 /* FileCacheCoreData.swift in Sources */ = {isa = PBXBuildFile; fileRef = 213EA8442A52208A00B1AEF7 /* FileCacheCoreData.swift */; };
		213EA8472A5220CE00B1AEF7 /* TodoItem.swift in Sources */ = {isa = PBXBuildFile; fileRef = 213EA8462A5220CE00B1AEF7 /* TodoItem.swift */; };
		213EA8492A5220F800B1AEF7 /* TodoItem+JSON.swift in Sources */ = {isa = PBXBuildFile; fileRef = 213EA8482A5220F800B1AEF7 /* TodoItem+JSON.swift */; };
		213EA84B2A52211F00B1AEF7 /* TodoItem+CSV.swift in Sources */ = {isa = PBXBuildFile; fileRef = 213EA84A2A52211F00B1AEF7 /* TodoItem+CSV.swift */; };
		214579262A58AA5B0099D138 /* URLSession+dataTask.swift in Sources */ = {isa = PBXBuildFile; fileRef = 214579252A58AA5B0099D138 /* URLSession+dataTask.swift */; };
		21575E0D2A4504F2006D1D4F /* ColorScheme.swift in Sources */ = {isa = PBXBuildFile; fileRef = 21575E0C2A4504F2006D1D4F /* ColorScheme.swift */; };
		21575E0F2A451BE0006D1D4F /* Symbols.swift in Sources */ = {isa = PBXBuildFile; fileRef = 21575E0E2A451BDF006D1D4F /* Symbols.swift */; };
		21575E112A4627E3006D1D4F /* DidChangePriorityDelegate.swift in Sources */ = {isa = PBXBuildFile; fileRef = 21575E102A4627E3006D1D4F /* DidChangePriorityDelegate.swift */; };
		21575E132A4632D2006D1D4F /* DidToggleDeadlineSwitchDelegate.swift in Sources */ = {isa = PBXBuildFile; fileRef = 21575E122A4632D2006D1D4F /* DidToggleDeadlineSwitchDelegate.swift */; };
		2167AA992A524EF3001627B1 /* TasksTableView.swift in Sources */ = {isa = PBXBuildFile; fileRef = 2167AA982A524EF3001627B1 /* TasksTableView.swift */; };
		2167AA9B2A52503D001627B1 /* AddButton.swift in Sources */ = {isa = PBXBuildFile; fileRef = 2167AA9A2A52503C001627B1 /* AddButton.swift */; };
		2167AA9D2A525199001627B1 /* HeaderView.swift in Sources */ = {isa = PBXBuildFile; fileRef = 2167AA9C2A525199001627B1 /* HeaderView.swift */; };
		2167AA9F2A5258C7001627B1 /* FooterView.swift in Sources */ = {isa = PBXBuildFile; fileRef = 2167AA9E2A5258C7001627B1 /* FooterView.swift */; };
		21719C692A3D26850053166D /* AppDelegate.swift in Sources */ = {isa = PBXBuildFile; fileRef = 21719C682A3D26850053166D /* AppDelegate.swift */; };
		21719C6B2A3D26850053166D /* SceneDelegate.swift in Sources */ = {isa = PBXBuildFile; fileRef = 21719C6A2A3D26850053166D /* SceneDelegate.swift */; };
		21719C6D2A3D26850053166D /* DetailViewController.swift in Sources */ = {isa = PBXBuildFile; fileRef = 21719C6C2A3D26850053166D /* DetailViewController.swift */; };
		21719C722A3D26860053166D /* Assets.xcassets in Resources */ = {isa = PBXBuildFile; fileRef = 21719C712A3D26860053166D /* Assets.xcassets */; };
		21719C752A3D26860053166D /* LaunchScreen.storyboard in Resources */ = {isa = PBXBuildFile; fileRef = 21719C732A3D26860053166D /* LaunchScreen.storyboard */; };
		21719C922A3D2A9D0053166D /* TodoItemTests.swift in Sources */ = {isa = PBXBuildFile; fileRef = 21719C912A3D2A9D0053166D /* TodoItemTests.swift */; };
		21719C942A3D2B0A0053166D /* TodoItemJSONTests.swift in Sources */ = {isa = PBXBuildFile; fileRef = 21719C932A3D2B0A0053166D /* TodoItemJSONTests.swift */; };
		21719C962A3D2B940053166D /* TodoItemCSVTests.swift in Sources */ = {isa = PBXBuildFile; fileRef = 21719C952A3D2B940053166D /* TodoItemCSVTests.swift */; };
		219F5A342A5F65D000AE5B1F /* FileCacheProtocol.swift in Sources */ = {isa = PBXBuildFile; fileRef = 219F5A332A5F65D000AE5B1F /* FileCacheProtocol.swift */; };
		219F5A3E2A6044F300AE5B1F /* TodoItemCoreDataModel.xcdatamodeld in Sources */ = {isa = PBXBuildFile; fileRef = 219F5A3C2A6044F300AE5B1F /* TodoItemCoreDataModel.xcdatamodeld */; };
		219F5A412A60456E00AE5B1F /* TodoItemCoreData+CoreDataClass.swift in Sources */ = {isa = PBXBuildFile; fileRef = 219F5A3F2A60456E00AE5B1F /* TodoItemCoreData+CoreDataClass.swift */; };
		219F5A422A60456E00AE5B1F /* TodoItemCoreData+CoreDataProperties.swift in Sources */ = {isa = PBXBuildFile; fileRef = 219F5A402A60456E00AE5B1F /* TodoItemCoreData+CoreDataProperties.swift */; };
		219F5A452A6062E400AE5B1F /* SQLite in Frameworks */ = {isa = PBXBuildFile; productRef = 219F5A442A6062E400AE5B1F /* SQLite */; };
		219F5A472A6062FC00AE5B1F /* FIleCacheSQLite.swift in Sources */ = {isa = PBXBuildFile; fileRef = 219F5A462A6062FC00AE5B1F /* FIleCacheSQLite.swift */; };
		21B8457B2A410A85007531DB /* SnapKit in Frameworks */ = {isa = PBXBuildFile; productRef = 21B8457A2A410A85007531DB /* SnapKit */; settings = {ATTRIBUTES = (Required, ); }; };
		21C284DB2A44E81C00D08700 /* PriorityTableViewCell.swift in Sources */ = {isa = PBXBuildFile; fileRef = 21C284DA2A44E81C00D08700 /* PriorityTableViewCell.swift */; };
		21C284DD2A44E87000D08700 /* DeadlineTableViewCell.swift in Sources */ = {isa = PBXBuildFile; fileRef = 21C284DC2A44E87000D08700 /* DeadlineTableViewCell.swift */; };
		21C284DF2A44E88200D08700 /* CalendarTableViewCell.swift in Sources */ = {isa = PBXBuildFile; fileRef = 21C284DE2A44E88200D08700 /* CalendarTableViewCell.swift */; };
		21DC824A2A5747DC00696317 /* NetworkingSevice.swift in Sources */ = {isa = PBXBuildFile; fileRef = 21DC82492A5747DC00696317 /* NetworkingSevice.swift */; };
		21DC824C2A57499E00696317 /* ServerTodoItemModel.swift in Sources */ = {isa = PBXBuildFile; fileRef = 21DC824B2A57499E00696317 /* ServerTodoItemModel.swift */; };
		21DC824E2A574B3900696317 /* NetworkError.swift in Sources */ = {isa = PBXBuildFile; fileRef = 21DC824D2A574B3900696317 /* NetworkError.swift */; };
		21DC82502A5758EC00696317 /* TodoItemConverter.swift in Sources */ = {isa = PBXBuildFile; fileRef = 21DC824F2A5758EC00696317 /* TodoItemConverter.swift */; };
		21EA1B1C2A4E5179002B9CB5 /* PassDataBackDelegate.swift in Sources */ = {isa = PBXBuildFile; fileRef = 21EA1B1B2A4E5179002B9CB5 /* PassDataBackDelegate.swift */; };
		21F6E2F22A55A9DF003655D0 /* DefaultNetworkingService.swift in Sources */ = {isa = PBXBuildFile; fileRef = 21F6E2F12A55A9DF003655D0 /* DefaultNetworkingService.swift */; };
/* End PBXBuildFile section */

/* Begin PBXContainerItemProxy section */
		21719C8C2A3D2A510053166D /* PBXContainerItemProxy */ = {
			isa = PBXContainerItemProxy;
			containerPortal = 21719C5D2A3D26850053166D /* Project object */;
			proxyType = 1;
			remoteGlobalIDString = 21719C642A3D26850053166D;
			remoteInfo = TodoList;
		};
/* End PBXContainerItemProxy section */

/* Begin PBXCopyFilesBuildPhase section */
		2139C1302A4F7DED00B5EF27 /* Embed Frameworks */ = {
			isa = PBXCopyFilesBuildPhase;
			buildActionMask = 2147483647;
			dstPath = "";
			dstSubfolderSpec = 10;
			files = (
			);
			name = "Embed Frameworks";
			runOnlyForDeploymentPostprocessing = 0;
		};
/* End PBXCopyFilesBuildPhase section */

/* Begin PBXFileReference section */
		21243B5B2A6B31870062DDB6 /* MainView.swift */ = {isa = PBXFileReference; lastKnownFileType = sourcecode.swift; path = MainView.swift; sourceTree = "<group>"; };
		2128192D2A4B5BB100B9DBF5 /* MainViewController.swift */ = {isa = PBXFileReference; lastKnownFileType = sourcecode.swift; path = MainViewController.swift; sourceTree = "<group>"; };
		212819312A4B71C300B9DBF5 /* TaskTableViewCell.swift */ = {isa = PBXFileReference; lastKnownFileType = sourcecode.swift; path = TaskTableViewCell.swift; sourceTree = "<group>"; };
		213EA8442A52208A00B1AEF7 /* FileCacheCoreData.swift */ = {isa = PBXFileReference; lastKnownFileType = sourcecode.swift; path = FileCacheCoreData.swift; sourceTree = "<group>"; };
		213EA8462A5220CE00B1AEF7 /* TodoItem.swift */ = {isa = PBXFileReference; lastKnownFileType = sourcecode.swift; path = TodoItem.swift; sourceTree = "<group>"; };
		213EA8482A5220F800B1AEF7 /* TodoItem+JSON.swift */ = {isa = PBXFileReference; lastKnownFileType = sourcecode.swift; path = "TodoItem+JSON.swift"; sourceTree = "<group>"; };
		213EA84A2A52211F00B1AEF7 /* TodoItem+CSV.swift */ = {isa = PBXFileReference; lastKnownFileType = sourcecode.swift; path = "TodoItem+CSV.swift"; sourceTree = "<group>"; };
		214579252A58AA5B0099D138 /* URLSession+dataTask.swift */ = {isa = PBXFileReference; lastKnownFileType = sourcecode.swift; path = "URLSession+dataTask.swift"; sourceTree = "<group>"; };
		21575E0C2A4504F2006D1D4F /* ColorScheme.swift */ = {isa = PBXFileReference; lastKnownFileType = sourcecode.swift; path = ColorScheme.swift; sourceTree = "<group>"; };
		21575E0E2A451BDF006D1D4F /* Symbols.swift */ = {isa = PBXFileReference; lastKnownFileType = sourcecode.swift; path = Symbols.swift; sourceTree = "<group>"; };
		21575E102A4627E3006D1D4F /* DidChangePriorityDelegate.swift */ = {isa = PBXFileReference; lastKnownFileType = sourcecode.swift; path = DidChangePriorityDelegate.swift; sourceTree = "<group>"; };
		21575E122A4632D2006D1D4F /* DidToggleDeadlineSwitchDelegate.swift */ = {isa = PBXFileReference; lastKnownFileType = sourcecode.swift; path = DidToggleDeadlineSwitchDelegate.swift; sourceTree = "<group>"; };
		2167AA982A524EF3001627B1 /* TasksTableView.swift */ = {isa = PBXFileReference; lastKnownFileType = sourcecode.swift; path = TasksTableView.swift; sourceTree = "<group>"; };
		2167AA9A2A52503C001627B1 /* AddButton.swift */ = {isa = PBXFileReference; lastKnownFileType = sourcecode.swift; path = AddButton.swift; sourceTree = "<group>"; };
		2167AA9C2A525199001627B1 /* HeaderView.swift */ = {isa = PBXFileReference; lastKnownFileType = sourcecode.swift; path = HeaderView.swift; sourceTree = "<group>"; };
		2167AA9E2A5258C7001627B1 /* FooterView.swift */ = {isa = PBXFileReference; lastKnownFileType = sourcecode.swift; path = FooterView.swift; sourceTree = "<group>"; };
		21719C652A3D26850053166D /* TodoList.app */ = {isa = PBXFileReference; explicitFileType = wrapper.application; includeInIndex = 0; path = TodoList.app; sourceTree = BUILT_PRODUCTS_DIR; };
		21719C682A3D26850053166D /* AppDelegate.swift */ = {isa = PBXFileReference; lastKnownFileType = sourcecode.swift; path = AppDelegate.swift; sourceTree = "<group>"; };
		21719C6A2A3D26850053166D /* SceneDelegate.swift */ = {isa = PBXFileReference; lastKnownFileType = sourcecode.swift; path = SceneDelegate.swift; sourceTree = "<group>"; };
		21719C6C2A3D26850053166D /* DetailViewController.swift */ = {isa = PBXFileReference; lastKnownFileType = sourcecode.swift; path = DetailViewController.swift; sourceTree = "<group>"; };
		21719C712A3D26860053166D /* Assets.xcassets */ = {isa = PBXFileReference; lastKnownFileType = folder.assetcatalog; path = Assets.xcassets; sourceTree = "<group>"; };
		21719C742A3D26860053166D /* Base */ = {isa = PBXFileReference; lastKnownFileType = file.storyboard; name = Base; path = Base.lproj/LaunchScreen.storyboard; sourceTree = "<group>"; };
		21719C762A3D26860053166D /* Info.plist */ = {isa = PBXFileReference; lastKnownFileType = text.plist.xml; path = Info.plist; sourceTree = "<group>"; };
		21719C882A3D2A510053166D /* TodoListTests.xctest */ = {isa = PBXFileReference; explicitFileType = wrapper.cfbundle; includeInIndex = 0; path = TodoListTests.xctest; sourceTree = BUILT_PRODUCTS_DIR; };
		21719C912A3D2A9D0053166D /* TodoItemTests.swift */ = {isa = PBXFileReference; lastKnownFileType = sourcecode.swift; path = TodoItemTests.swift; sourceTree = "<group>"; };
		21719C932A3D2B0A0053166D /* TodoItemJSONTests.swift */ = {isa = PBXFileReference; lastKnownFileType = sourcecode.swift; path = TodoItemJSONTests.swift; sourceTree = "<group>"; };
		21719C952A3D2B940053166D /* TodoItemCSVTests.swift */ = {isa = PBXFileReference; lastKnownFileType = sourcecode.swift; path = TodoItemCSVTests.swift; sourceTree = "<group>"; };
		219F5A332A5F65D000AE5B1F /* FileCacheProtocol.swift */ = {isa = PBXFileReference; lastKnownFileType = sourcecode.swift; path = FileCacheProtocol.swift; sourceTree = "<group>"; };
		219F5A3D2A6044F300AE5B1F /* TodoItemCoreDataModel.xcdatamodel */ = {isa = PBXFileReference; lastKnownFileType = wrapper.xcdatamodel; path = TodoItemCoreDataModel.xcdatamodel; sourceTree = "<group>"; };
		219F5A3F2A60456E00AE5B1F /* TodoItemCoreData+CoreDataClass.swift */ = {isa = PBXFileReference; lastKnownFileType = sourcecode.swift; path = "TodoItemCoreData+CoreDataClass.swift"; sourceTree = "<group>"; };
		219F5A402A60456E00AE5B1F /* TodoItemCoreData+CoreDataProperties.swift */ = {isa = PBXFileReference; lastKnownFileType = sourcecode.swift; path = "TodoItemCoreData+CoreDataProperties.swift"; sourceTree = "<group>"; };
		219F5A462A6062FC00AE5B1F /* FIleCacheSQLite.swift */ = {isa = PBXFileReference; lastKnownFileType = sourcecode.swift; path = FIleCacheSQLite.swift; sourceTree = "<group>"; };
		21C284DA2A44E81C00D08700 /* PriorityTableViewCell.swift */ = {isa = PBXFileReference; lastKnownFileType = sourcecode.swift; path = PriorityTableViewCell.swift; sourceTree = "<group>"; };
		21C284DC2A44E87000D08700 /* DeadlineTableViewCell.swift */ = {isa = PBXFileReference; lastKnownFileType = sourcecode.swift; path = DeadlineTableViewCell.swift; sourceTree = "<group>"; };
		21C284DE2A44E88200D08700 /* CalendarTableViewCell.swift */ = {isa = PBXFileReference; lastKnownFileType = sourcecode.swift; path = CalendarTableViewCell.swift; sourceTree = "<group>"; };
		21DC82492A5747DC00696317 /* NetworkingSevice.swift */ = {isa = PBXFileReference; lastKnownFileType = sourcecode.swift; path = NetworkingSevice.swift; sourceTree = "<group>"; };
		21DC824B2A57499E00696317 /* ServerTodoItemModel.swift */ = {isa = PBXFileReference; lastKnownFileType = sourcecode.swift; path = ServerTodoItemModel.swift; sourceTree = "<group>"; };
		21DC824D2A574B3900696317 /* NetworkError.swift */ = {isa = PBXFileReference; lastKnownFileType = sourcecode.swift; path = NetworkError.swift; sourceTree = "<group>"; };
		21DC824F2A5758EC00696317 /* TodoItemConverter.swift */ = {isa = PBXFileReference; lastKnownFileType = sourcecode.swift; path = TodoItemConverter.swift; sourceTree = "<group>"; };
		21EA1B1B2A4E5179002B9CB5 /* PassDataBackDelegate.swift */ = {isa = PBXFileReference; lastKnownFileType = sourcecode.swift; path = PassDataBackDelegate.swift; sourceTree = "<group>"; };
		21F6E2F12A55A9DF003655D0 /* DefaultNetworkingService.swift */ = {isa = PBXFileReference; lastKnownFileType = sourcecode.swift; path = DefaultNetworkingService.swift; sourceTree = "<group>"; };
/* End PBXFileReference section */

/* Begin PBXFrameworksBuildPhase section */
		21719C622A3D26850053166D /* Frameworks */ = {
			isa = PBXFrameworksBuildPhase;
			buildActionMask = 2147483647;
			files = (
				219F5A452A6062E400AE5B1F /* SQLite in Frameworks */,
				21B8457B2A410A85007531DB /* SnapKit in Frameworks */,
			);
			runOnlyForDeploymentPostprocessing = 0;
		};
		21719C852A3D2A510053166D /* Frameworks */ = {
			isa = PBXFrameworksBuildPhase;
			buildActionMask = 2147483647;
			files = (
			);
			runOnlyForDeploymentPostprocessing = 0;
		};
/* End PBXFrameworksBuildPhase section */

/* Begin PBXGroup section */
		21028CF92A4F5C8500DA0951 /* MainViewController */ = {
			isa = PBXGroup;
			children = (
				21EA1B1B2A4E5179002B9CB5 /* PassDataBackDelegate.swift */,
				212819312A4B71C300B9DBF5 /* TaskTableViewCell.swift */,
				2128192D2A4B5BB100B9DBF5 /* MainViewController.swift */,
				2167AA982A524EF3001627B1 /* TasksTableView.swift */,
				2167AA9A2A52503C001627B1 /* AddButton.swift */,
				2167AA9C2A525199001627B1 /* HeaderView.swift */,
				2167AA9E2A5258C7001627B1 /* FooterView.swift */,
			);
			path = MainViewController;
			sourceTree = "<group>";
		};
		2128192C2A4B5AF900B9DBF5 /* Resources */ = {
			isa = PBXGroup;
			children = (
				21575E0C2A4504F2006D1D4F /* ColorScheme.swift */,
				21575E0E2A451BDF006D1D4F /* Symbols.swift */,
			);
			path = Resources;
			sourceTree = "<group>";
		};
		2167AA962A5223A1001627B1 /* TodoItemModel */ = {
			isa = PBXGroup;
			children = (
				213EA8462A5220CE00B1AEF7 /* TodoItem.swift */,
				213EA8482A5220F800B1AEF7 /* TodoItem+JSON.swift */,
				213EA84A2A52211F00B1AEF7 /* TodoItem+CSV.swift */,
			);
			path = TodoItemModel;
			sourceTree = "<group>";
		};
		2167AA972A5223B0001627B1 /* Persistence */ = {
			isa = PBXGroup;
			children = (
				219F5A3F2A60456E00AE5B1F /* TodoItemCoreData+CoreDataClass.swift */,
				219F5A402A60456E00AE5B1F /* TodoItemCoreData+CoreDataProperties.swift */,
				219F5A462A6062FC00AE5B1F /* FIleCacheSQLite.swift */,
				213EA8442A52208A00B1AEF7 /* FileCacheCoreData.swift */,
				219F5A332A5F65D000AE5B1F /* FileCacheProtocol.swift */,
				219F5A3C2A6044F300AE5B1F /* TodoItemCoreDataModel.xcdatamodeld */,
			);
			path = Persistence;
			sourceTree = "<group>";
		};
		21719C5C2A3D26850053166D = {
			isa = PBXGroup;
			children = (
				21719C672A3D26850053166D /* TodoList */,
				21719C892A3D2A510053166D /* TodoListTests */,
				21719C662A3D26850053166D /* Products */,
			);
			sourceTree = "<group>";
		};
		21719C662A3D26850053166D /* Products */ = {
			isa = PBXGroup;
			children = (
				21719C652A3D26850053166D /* TodoList.app */,
				21719C882A3D2A510053166D /* TodoListTests.xctest */,
			);
			name = Products;
			sourceTree = "<group>";
		};
		21719C672A3D26850053166D /* TodoList */ = {
			isa = PBXGroup;
			children = (
				21243B5B2A6B31870062DDB6 /* MainView.swift */,
				21028CF92A4F5C8500DA0951 /* MainViewController */,
				21B845882A410E21007531DB /* DetailViewController */,
				2167AA962A5223A1001627B1 /* TodoItemModel */,
				2167AA972A5223B0001627B1 /* Persistence */,
				2128192C2A4B5AF900B9DBF5 /* Resources */,
				21B8457F2A410CAF007531DB /* SupportingFiles */,
				21DC82482A5747A900696317 /* Networking */,
				214579252A58AA5B0099D138 /* URLSession+dataTask.swift */,
			);
			path = TodoList;
			sourceTree = "<group>";
		};
		21719C892A3D2A510053166D /* TodoListTests */ = {
			isa = PBXGroup;
			children = (
				21719C912A3D2A9D0053166D /* TodoItemTests.swift */,
				21719C932A3D2B0A0053166D /* TodoItemJSONTests.swift */,
				21719C952A3D2B940053166D /* TodoItemCSVTests.swift */,
			);
			path = TodoListTests;
			sourceTree = "<group>";
		};
		21B8457F2A410CAF007531DB /* SupportingFiles */ = {
			isa = PBXGroup;
			children = (
				21719C682A3D26850053166D /* AppDelegate.swift */,
				21719C6A2A3D26850053166D /* SceneDelegate.swift */,
				21719C712A3D26860053166D /* Assets.xcassets */,
				21719C732A3D26860053166D /* LaunchScreen.storyboard */,
				21719C762A3D26860053166D /* Info.plist */,
			);
			path = SupportingFiles;
			sourceTree = "<group>";
		};
		21B845882A410E21007531DB /* DetailViewController */ = {
			isa = PBXGroup;
			children = (
				21C284DA2A44E81C00D08700 /* PriorityTableViewCell.swift */,
				21C284DC2A44E87000D08700 /* DeadlineTableViewCell.swift */,
				21C284DE2A44E88200D08700 /* CalendarTableViewCell.swift */,
				21575E102A4627E3006D1D4F /* DidChangePriorityDelegate.swift */,
				21575E122A4632D2006D1D4F /* DidToggleDeadlineSwitchDelegate.swift */,
				21719C6C2A3D26850053166D /* DetailViewController.swift */,
			);
			path = DetailViewController;
			sourceTree = "<group>";
		};
		21DC82482A5747A900696317 /* Networking */ = {
			isa = PBXGroup;
			children = (
				21DC82492A5747DC00696317 /* NetworkingSevice.swift */,
				21F6E2F12A55A9DF003655D0 /* DefaultNetworkingService.swift */,
				21DC824B2A57499E00696317 /* ServerTodoItemModel.swift */,
				21DC824D2A574B3900696317 /* NetworkError.swift */,
				21DC824F2A5758EC00696317 /* TodoItemConverter.swift */,
			);
			path = Networking;
			sourceTree = "<group>";
		};
/* End PBXGroup section */

/* Begin PBXNativeTarget section */
		21719C642A3D26850053166D /* TodoList */ = {
			isa = PBXNativeTarget;
			buildConfigurationList = 21719C792A3D26860053166D /* Build configuration list for PBXNativeTarget "TodoList" */;
			buildPhases = (
				21719C612A3D26850053166D /* Sources */,
				21719C622A3D26850053166D /* Frameworks */,
				21719C632A3D26850053166D /* Resources */,
				2139C1302A4F7DED00B5EF27 /* Embed Frameworks */,
			);
			buildRules = (
			);
			dependencies = (
			);
			name = TodoList;
			packageProductDependencies = (
				21B8457A2A410A85007531DB /* SnapKit */,
				219F5A442A6062E400AE5B1F /* SQLite */,
			);
			productName = TodoList;
			productReference = 21719C652A3D26850053166D /* TodoList.app */;
			productType = "com.apple.product-type.application";
		};
		21719C872A3D2A510053166D /* TodoListTests */ = {
			isa = PBXNativeTarget;
			buildConfigurationList = 21719C8E2A3D2A510053166D /* Build configuration list for PBXNativeTarget "TodoListTests" */;
			buildPhases = (
				21719C842A3D2A510053166D /* Sources */,
				21719C852A3D2A510053166D /* Frameworks */,
				21719C862A3D2A510053166D /* Resources */,
			);
			buildRules = (
			);
			dependencies = (
				21719C8D2A3D2A510053166D /* PBXTargetDependency */,
			);
			name = TodoListTests;
			productName = TodoListTests;
			productReference = 21719C882A3D2A510053166D /* TodoListTests.xctest */;
			productType = "com.apple.product-type.bundle.unit-test";
		};
/* End PBXNativeTarget section */

/* Begin PBXProject section */
		21719C5D2A3D26850053166D /* Project object */ = {
			isa = PBXProject;
			attributes = {
				BuildIndependentTargetsInParallel = 1;
				LastSwiftUpdateCheck = 1430;
				LastUpgradeCheck = 1430;
				TargetAttributes = {
					21719C642A3D26850053166D = {
						CreatedOnToolsVersion = 14.3.1;
					};
					21719C872A3D2A510053166D = {
						CreatedOnToolsVersion = 14.3.1;
						LastSwiftMigration = 1430;
						TestTargetID = 21719C642A3D26850053166D;
					};
				};
			};
			buildConfigurationList = 21719C602A3D26850053166D /* Build configuration list for PBXProject "TodoList" */;
			compatibilityVersion = "Xcode 14.0";
			developmentRegion = en;
			hasScannedForEncodings = 0;
			knownRegions = (
				en,
				Base,
			);
			mainGroup = 21719C5C2A3D26850053166D;
			packageReferences = (
				21B845792A410A85007531DB /* XCRemoteSwiftPackageReference "SnapKit" */,
				219F5A432A6062E400AE5B1F /* XCRemoteSwiftPackageReference "SQLite" */,
			);
			productRefGroup = 21719C662A3D26850053166D /* Products */;
			projectDirPath = "";
			projectRoot = "";
			targets = (
				21719C642A3D26850053166D /* TodoList */,
				21719C872A3D2A510053166D /* TodoListTests */,
			);
		};
/* End PBXProject section */

/* Begin PBXResourcesBuildPhase section */
		21719C632A3D26850053166D /* Resources */ = {
			isa = PBXResourcesBuildPhase;
			buildActionMask = 2147483647;
			files = (
				21719C752A3D26860053166D /* LaunchScreen.storyboard in Resources */,
				21719C722A3D26860053166D /* Assets.xcassets in Resources */,
			);
			runOnlyForDeploymentPostprocessing = 0;
		};
		21719C862A3D2A510053166D /* Resources */ = {
			isa = PBXResourcesBuildPhase;
			buildActionMask = 2147483647;
			files = (
			);
			runOnlyForDeploymentPostprocessing = 0;
		};
/* End PBXResourcesBuildPhase section */

/* Begin PBXSourcesBuildPhase section */
		21719C612A3D26850053166D /* Sources */ = {
			isa = PBXSourcesBuildPhase;
			buildActionMask = 2147483647;
			files = (
				2167AA992A524EF3001627B1 /* TasksTableView.swift in Sources */,
				21719C6D2A3D26850053166D /* DetailViewController.swift in Sources */,
				212819322A4B71C300B9DBF5 /* TaskTableViewCell.swift in Sources */,
				213EA8452A52208A00B1AEF7 /* FileCacheCoreData.swift in Sources */,
				21575E132A4632D2006D1D4F /* DidToggleDeadlineSwitchDelegate.swift in Sources */,
				21EA1B1C2A4E5179002B9CB5 /* PassDataBackDelegate.swift in Sources */,
				21575E112A4627E3006D1D4F /* DidChangePriorityDelegate.swift in Sources */,
				21243B5C2A6B31870062DDB6 /* MainView.swift in Sources */,
				21719C692A3D26850053166D /* AppDelegate.swift in Sources */,
				2128192E2A4B5BB100B9DBF5 /* MainViewController.swift in Sources */,
				213EA8492A5220F800B1AEF7 /* TodoItem+JSON.swift in Sources */,
				21C284DB2A44E81C00D08700 /* PriorityTableViewCell.swift in Sources */,
				21719C6B2A3D26850053166D /* SceneDelegate.swift in Sources */,
				213EA8472A5220CE00B1AEF7 /* TodoItem.swift in Sources */,
				21DC82502A5758EC00696317 /* TodoItemConverter.swift in Sources */,
				214579262A58AA5B0099D138 /* URLSession+dataTask.swift in Sources */,
				21F6E2F22A55A9DF003655D0 /* DefaultNetworkingService.swift in Sources */,
				21DC824C2A57499E00696317 /* ServerTodoItemModel.swift in Sources */,
				21575E0D2A4504F2006D1D4F /* ColorScheme.swift in Sources */,
				213EA84B2A52211F00B1AEF7 /* TodoItem+CSV.swift in Sources */,
				2167AA9F2A5258C7001627B1 /* FooterView.swift in Sources */,
				2167AA9D2A525199001627B1 /* HeaderView.swift in Sources */,
				219F5A3E2A6044F300AE5B1F /* TodoItemCoreDataModel.xcdatamodeld in Sources */,
				219F5A472A6062FC00AE5B1F /* FIleCacheSQLite.swift in Sources */,
				21DC824E2A574B3900696317 /* NetworkError.swift in Sources */,
				219F5A422A60456E00AE5B1F /* TodoItemCoreData+CoreDataProperties.swift in Sources */,
				21C284DD2A44E87000D08700 /* DeadlineTableViewCell.swift in Sources */,
				21DC824A2A5747DC00696317 /* NetworkingSevice.swift in Sources */,
				219F5A412A60456E00AE5B1F /* TodoItemCoreData+CoreDataClass.swift in Sources */,
				21C284DF2A44E88200D08700 /* CalendarTableViewCell.swift in Sources */,
				219F5A342A5F65D000AE5B1F /* FileCacheProtocol.swift in Sources */,
				21575E0F2A451BE0006D1D4F /* Symbols.swift in Sources */,
				2167AA9B2A52503D001627B1 /* AddButton.swift in Sources */,
			);
			runOnlyForDeploymentPostprocessing = 0;
		};
		21719C842A3D2A510053166D /* Sources */ = {
			isa = PBXSourcesBuildPhase;
			buildActionMask = 2147483647;
			files = (
				21719C962A3D2B940053166D /* TodoItemCSVTests.swift in Sources */,
				21719C942A3D2B0A0053166D /* TodoItemJSONTests.swift in Sources */,
				21719C922A3D2A9D0053166D /* TodoItemTests.swift in Sources */,
			);
			runOnlyForDeploymentPostprocessing = 0;
		};
/* End PBXSourcesBuildPhase section */

/* Begin PBXTargetDependency section */
		21719C8D2A3D2A510053166D /* PBXTargetDependency */ = {
			isa = PBXTargetDependency;
			target = 21719C642A3D26850053166D /* TodoList */;
			targetProxy = 21719C8C2A3D2A510053166D /* PBXContainerItemProxy */;
		};
/* End PBXTargetDependency section */

/* Begin PBXVariantGroup section */
		21719C732A3D26860053166D /* LaunchScreen.storyboard */ = {
			isa = PBXVariantGroup;
			children = (
				21719C742A3D26860053166D /* Base */,
			);
			name = LaunchScreen.storyboard;
			sourceTree = "<group>";
		};
/* End PBXVariantGroup section */

/* Begin XCBuildConfiguration section */
		21719C772A3D26860053166D /* Debug */ = {
			isa = XCBuildConfiguration;
			buildSettings = {
				ALWAYS_SEARCH_USER_PATHS = NO;
				CLANG_ANALYZER_NONNULL = YES;
				CLANG_ANALYZER_NUMBER_OBJECT_CONVERSION = YES_AGGRESSIVE;
				CLANG_CXX_LANGUAGE_STANDARD = "gnu++20";
				CLANG_ENABLE_MODULES = YES;
				CLANG_ENABLE_OBJC_ARC = YES;
				CLANG_ENABLE_OBJC_WEAK = YES;
				CLANG_WARN_BLOCK_CAPTURE_AUTORELEASING = YES;
				CLANG_WARN_BOOL_CONVERSION = YES;
				CLANG_WARN_COMMA = YES;
				CLANG_WARN_CONSTANT_CONVERSION = YES;
				CLANG_WARN_DEPRECATED_OBJC_IMPLEMENTATIONS = YES;
				CLANG_WARN_DIRECT_OBJC_ISA_USAGE = YES_ERROR;
				CLANG_WARN_DOCUMENTATION_COMMENTS = YES;
				CLANG_WARN_EMPTY_BODY = YES;
				CLANG_WARN_ENUM_CONVERSION = YES;
				CLANG_WARN_INFINITE_RECURSION = YES;
				CLANG_WARN_INT_CONVERSION = YES;
				CLANG_WARN_NON_LITERAL_NULL_CONVERSION = YES;
				CLANG_WARN_OBJC_IMPLICIT_RETAIN_SELF = YES;
				CLANG_WARN_OBJC_LITERAL_CONVERSION = YES;
				CLANG_WARN_OBJC_ROOT_CLASS = YES_ERROR;
				CLANG_WARN_QUOTED_INCLUDE_IN_FRAMEWORK_HEADER = YES;
				CLANG_WARN_RANGE_LOOP_ANALYSIS = YES;
				CLANG_WARN_STRICT_PROTOTYPES = YES;
				CLANG_WARN_SUSPICIOUS_MOVE = YES;
				CLANG_WARN_UNGUARDED_AVAILABILITY = YES_AGGRESSIVE;
				CLANG_WARN_UNREACHABLE_CODE = YES;
				CLANG_WARN__DUPLICATE_METHOD_MATCH = YES;
				COPY_PHASE_STRIP = NO;
				DEBUG_INFORMATION_FORMAT = dwarf;
				ENABLE_STRICT_OBJC_MSGSEND = YES;
				ENABLE_TESTABILITY = YES;
				GCC_C_LANGUAGE_STANDARD = gnu11;
				GCC_DYNAMIC_NO_PIC = NO;
				GCC_NO_COMMON_BLOCKS = YES;
				GCC_OPTIMIZATION_LEVEL = 0;
				GCC_PREPROCESSOR_DEFINITIONS = (
					"DEBUG=1",
					"$(inherited)",
				);
				GCC_WARN_64_TO_32_BIT_CONVERSION = YES;
				GCC_WARN_ABOUT_RETURN_TYPE = YES_ERROR;
				GCC_WARN_UNDECLARED_SELECTOR = YES;
				GCC_WARN_UNINITIALIZED_AUTOS = YES_AGGRESSIVE;
				GCC_WARN_UNUSED_FUNCTION = YES;
				GCC_WARN_UNUSED_VARIABLE = YES;
				IPHONEOS_DEPLOYMENT_TARGET = 16.0;
				MTL_ENABLE_DEBUG_INFO = INCLUDE_SOURCE;
				MTL_FAST_MATH = YES;
				ONLY_ACTIVE_ARCH = YES;
				SDKROOT = iphoneos;
				SWIFT_ACTIVE_COMPILATION_CONDITIONS = DEBUG;
				SWIFT_OPTIMIZATION_LEVEL = "-Onone";
			};
			name = Debug;
		};
		21719C782A3D26860053166D /* Release */ = {
			isa = XCBuildConfiguration;
			buildSettings = {
				ALWAYS_SEARCH_USER_PATHS = NO;
				CLANG_ANALYZER_NONNULL = YES;
				CLANG_ANALYZER_NUMBER_OBJECT_CONVERSION = YES_AGGRESSIVE;
				CLANG_CXX_LANGUAGE_STANDARD = "gnu++20";
				CLANG_ENABLE_MODULES = YES;
				CLANG_ENABLE_OBJC_ARC = YES;
				CLANG_ENABLE_OBJC_WEAK = YES;
				CLANG_WARN_BLOCK_CAPTURE_AUTORELEASING = YES;
				CLANG_WARN_BOOL_CONVERSION = YES;
				CLANG_WARN_COMMA = YES;
				CLANG_WARN_CONSTANT_CONVERSION = YES;
				CLANG_WARN_DEPRECATED_OBJC_IMPLEMENTATIONS = YES;
				CLANG_WARN_DIRECT_OBJC_ISA_USAGE = YES_ERROR;
				CLANG_WARN_DOCUMENTATION_COMMENTS = YES;
				CLANG_WARN_EMPTY_BODY = YES;
				CLANG_WARN_ENUM_CONVERSION = YES;
				CLANG_WARN_INFINITE_RECURSION = YES;
				CLANG_WARN_INT_CONVERSION = YES;
				CLANG_WARN_NON_LITERAL_NULL_CONVERSION = YES;
				CLANG_WARN_OBJC_IMPLICIT_RETAIN_SELF = YES;
				CLANG_WARN_OBJC_LITERAL_CONVERSION = YES;
				CLANG_WARN_OBJC_ROOT_CLASS = YES_ERROR;
				CLANG_WARN_QUOTED_INCLUDE_IN_FRAMEWORK_HEADER = YES;
				CLANG_WARN_RANGE_LOOP_ANALYSIS = YES;
				CLANG_WARN_STRICT_PROTOTYPES = YES;
				CLANG_WARN_SUSPICIOUS_MOVE = YES;
				CLANG_WARN_UNGUARDED_AVAILABILITY = YES_AGGRESSIVE;
				CLANG_WARN_UNREACHABLE_CODE = YES;
				CLANG_WARN__DUPLICATE_METHOD_MATCH = YES;
				COPY_PHASE_STRIP = NO;
				DEBUG_INFORMATION_FORMAT = "dwarf-with-dsym";
				ENABLE_NS_ASSERTIONS = NO;
				ENABLE_STRICT_OBJC_MSGSEND = YES;
				GCC_C_LANGUAGE_STANDARD = gnu11;
				GCC_NO_COMMON_BLOCKS = YES;
				GCC_WARN_64_TO_32_BIT_CONVERSION = YES;
				GCC_WARN_ABOUT_RETURN_TYPE = YES_ERROR;
				GCC_WARN_UNDECLARED_SELECTOR = YES;
				GCC_WARN_UNINITIALIZED_AUTOS = YES_AGGRESSIVE;
				GCC_WARN_UNUSED_FUNCTION = YES;
				GCC_WARN_UNUSED_VARIABLE = YES;
				IPHONEOS_DEPLOYMENT_TARGET = 16.0;
				MTL_ENABLE_DEBUG_INFO = NO;
				MTL_FAST_MATH = YES;
				SDKROOT = iphoneos;
				SWIFT_COMPILATION_MODE = wholemodule;
				SWIFT_OPTIMIZATION_LEVEL = "-O";
				VALIDATE_PRODUCT = YES;
			};
			name = Release;
		};
		21719C7A2A3D26860053166D /* Debug */ = {
			isa = XCBuildConfiguration;
			buildSettings = {
				ASSETCATALOG_COMPILER_APPICON_NAME = AppIcon;
				ASSETCATALOG_COMPILER_GLOBAL_ACCENT_COLOR_NAME = AccentColor;
				CODE_SIGN_STYLE = Automatic;
				CURRENT_PROJECT_VERSION = 1;
				GENERATE_INFOPLIST_FILE = YES;
				INFOPLIST_FILE = TodoList/SupportingFiles/Info.plist;
				INFOPLIST_KEY_UIApplicationSupportsIndirectInputEvents = YES;
				INFOPLIST_KEY_UILaunchStoryboardName = LaunchScreen;
				INFOPLIST_KEY_UIStatusBarStyle = "";
				INFOPLIST_KEY_UISupportedInterfaceOrientations = "UIInterfaceOrientationLandscapeLeft UIInterfaceOrientationLandscapeRight UIInterfaceOrientationPortrait UIInterfaceOrientationPortraitUpsideDown";
				IPHONEOS_DEPLOYMENT_TARGET = 16.0;
				LD_RUNPATH_SEARCH_PATHS = (
					"$(inherited)",
					"@executable_path/Frameworks",
				);
				MARKETING_VERSION = 1.0;
				PRODUCT_BUNDLE_IDENTIFIER = "Vlad-Boguzh.TodoList";
				PRODUCT_NAME = "$(TARGET_NAME)";
				SWIFT_EMIT_LOC_STRINGS = YES;
				SWIFT_STRICT_CONCURRENCY = minimal;
				SWIFT_VERSION = 5.0;
				TARGETED_DEVICE_FAMILY = "1,2";
			};
			name = Debug;
		};
		21719C7B2A3D26860053166D /* Release */ = {
			isa = XCBuildConfiguration;
			buildSettings = {
				ASSETCATALOG_COMPILER_APPICON_NAME = AppIcon;
				ASSETCATALOG_COMPILER_GLOBAL_ACCENT_COLOR_NAME = AccentColor;
				CODE_SIGN_STYLE = Automatic;
				CURRENT_PROJECT_VERSION = 1;
				GENERATE_INFOPLIST_FILE = YES;
				INFOPLIST_FILE = TodoList/SupportingFiles/Info.plist;
				INFOPLIST_KEY_UIApplicationSupportsIndirectInputEvents = YES;
				INFOPLIST_KEY_UILaunchStoryboardName = LaunchScreen;
				INFOPLIST_KEY_UIStatusBarStyle = "";
				INFOPLIST_KEY_UISupportedInterfaceOrientations = "UIInterfaceOrientationLandscapeLeft UIInterfaceOrientationLandscapeRight UIInterfaceOrientationPortrait UIInterfaceOrientationPortraitUpsideDown";
				IPHONEOS_DEPLOYMENT_TARGET = 16.0;
				LD_RUNPATH_SEARCH_PATHS = (
					"$(inherited)",
					"@executable_path/Frameworks",
				);
				MARKETING_VERSION = 1.0;
				PRODUCT_BUNDLE_IDENTIFIER = "Vlad-Boguzh.TodoList";
				PRODUCT_NAME = "$(TARGET_NAME)";
				SWIFT_EMIT_LOC_STRINGS = YES;
				SWIFT_STRICT_CONCURRENCY = minimal;
				SWIFT_VERSION = 5.0;
				TARGETED_DEVICE_FAMILY = "1,2";
			};
			name = Release;
		};
		21719C8F2A3D2A510053166D /* Debug */ = {
			isa = XCBuildConfiguration;
			buildSettings = {
				BUNDLE_LOADER = "$(TEST_HOST)";
				CLANG_ENABLE_MODULES = YES;
				CODE_SIGN_STYLE = Automatic;
				CURRENT_PROJECT_VERSION = 1;
				GENERATE_INFOPLIST_FILE = YES;
				IPHONEOS_DEPLOYMENT_TARGET = 16.0;
				MARKETING_VERSION = 1.0;
				PRODUCT_BUNDLE_IDENTIFIER = "Vlad-Boguzh.TodoListTests";
				PRODUCT_NAME = "$(TARGET_NAME)";
				SWIFT_EMIT_LOC_STRINGS = NO;
				SWIFT_OPTIMIZATION_LEVEL = "-Onone";
				SWIFT_VERSION = 5.0;
				TARGETED_DEVICE_FAMILY = "1,2";
				TEST_HOST = "$(BUILT_PRODUCTS_DIR)/TodoList.app/$(BUNDLE_EXECUTABLE_FOLDER_PATH)/TodoList";
			};
			name = Debug;
		};
		21719C902A3D2A510053166D /* Release */ = {
			isa = XCBuildConfiguration;
			buildSettings = {
				BUNDLE_LOADER = "$(TEST_HOST)";
				CLANG_ENABLE_MODULES = YES;
				CODE_SIGN_STYLE = Automatic;
				CURRENT_PROJECT_VERSION = 1;
				GENERATE_INFOPLIST_FILE = YES;
				IPHONEOS_DEPLOYMENT_TARGET = 16.0;
				MARKETING_VERSION = 1.0;
				PRODUCT_BUNDLE_IDENTIFIER = "Vlad-Boguzh.TodoListTests";
				PRODUCT_NAME = "$(TARGET_NAME)";
				SWIFT_EMIT_LOC_STRINGS = NO;
				SWIFT_VERSION = 5.0;
				TARGETED_DEVICE_FAMILY = "1,2";
				TEST_HOST = "$(BUILT_PRODUCTS_DIR)/TodoList.app/$(BUNDLE_EXECUTABLE_FOLDER_PATH)/TodoList";
			};
			name = Release;
		};
/* End XCBuildConfiguration section */

/* Begin XCConfigurationList section */
		21719C602A3D26850053166D /* Build configuration list for PBXProject "TodoList" */ = {
			isa = XCConfigurationList;
			buildConfigurations = (
				21719C772A3D26860053166D /* Debug */,
				21719C782A3D26860053166D /* Release */,
			);
			defaultConfigurationIsVisible = 0;
			defaultConfigurationName = Release;
		};
		21719C792A3D26860053166D /* Build configuration list for PBXNativeTarget "TodoList" */ = {
			isa = XCConfigurationList;
			buildConfigurations = (
				21719C7A2A3D26860053166D /* Debug */,
				21719C7B2A3D26860053166D /* Release */,
			);
			defaultConfigurationIsVisible = 0;
			defaultConfigurationName = Release;
		};
		21719C8E2A3D2A510053166D /* Build configuration list for PBXNativeTarget "TodoListTests" */ = {
			isa = XCConfigurationList;
			buildConfigurations = (
				21719C8F2A3D2A510053166D /* Debug */,
				21719C902A3D2A510053166D /* Release */,
			);
			defaultConfigurationIsVisible = 0;
			defaultConfigurationName = Release;
		};
/* End XCConfigurationList section */

/* Begin XCRemoteSwiftPackageReference section */
		219F5A432A6062E400AE5B1F /* XCRemoteSwiftPackageReference "SQLite" */ = {
			isa = XCRemoteSwiftPackageReference;
			repositoryURL = "https://github.com/stephencelis/SQLite.swift";
			requirement = {
				kind = upToNextMajorVersion;
				minimumVersion = 0.14.1;
			};
		};
		21B845792A410A85007531DB /* XCRemoteSwiftPackageReference "SnapKit" */ = {
			isa = XCRemoteSwiftPackageReference;
			repositoryURL = "https://github.com/SnapKit/SnapKit";
			requirement = {
				kind = upToNextMajorVersion;
				minimumVersion = 5.0.0;
			};
		};
/* End XCRemoteSwiftPackageReference section */

/* Begin XCSwiftPackageProductDependency section */
		219F5A442A6062E400AE5B1F /* SQLite */ = {
			isa = XCSwiftPackageProductDependency;
			package = 219F5A432A6062E400AE5B1F /* XCRemoteSwiftPackageReference "SQLite" */;
			productName = SQLite;
		};
		21B8457A2A410A85007531DB /* SnapKit */ = {
			isa = XCSwiftPackageProductDependency;
			package = 21B845792A410A85007531DB /* XCRemoteSwiftPackageReference "SnapKit" */;
			productName = SnapKit;
		};
/* End XCSwiftPackageProductDependency section */

/* Begin XCVersionGroup section */
		219F5A3C2A6044F300AE5B1F /* TodoItemCoreDataModel.xcdatamodeld */ = {
			isa = XCVersionGroup;
			children = (
				219F5A3D2A6044F300AE5B1F /* TodoItemCoreDataModel.xcdatamodel */,
			);
			currentVersion = 219F5A3D2A6044F300AE5B1F /* TodoItemCoreDataModel.xcdatamodel */;
			path = TodoItemCoreDataModel.xcdatamodeld;
			sourceTree = "<group>";
			versionGroupType = wrapper.xcdatamodel;
		};
/* End XCVersionGroup section */
	};
	rootObject = 21719C5D2A3D26850053166D /* Project object */;
}
